
Microsoft Visual Studio Solution File, Format Version 12.00
# Blend for Visual Studio 15
VisualStudioVersion = 15.0.27130.2003
MinimumVisualStudioVersion = 10.0.40219.1
Project("{FAE04EC0-301F-11D3-BF4B-00C04F79EFBC}") = "BlurryWPFBackground", "BlurryWPFBackground\BlurryWPFBackground.csproj", "{D8F4A9E0-80EE-4196-B05A-EBEF428C33DF}"
EndProject
Global
	GlobalSection(SolutionConfigurationPlatforms) = preSolution
		Debug|Any CPU = Debug|Any CPU
		Release|Any CPU = Release|Any CPU
	EndGlobalSection
	GlobalSection(ProjectConfigurationPlatforms) = postSolution
		{D8F4A9E0-80EE-4196-B05A-EBEF428C33DF}.Debug|Any CPU.ActiveCfg = Debug|Any CPU
		{D8F4A9E0-80EE-4196-B05A-EBEF428C33DF}.Debug|Any CPU.Build.0 = Debug|Any CPU
		{D8F4A9E0-80EE-4196-B05A-EBEF428C33DF}.Release|Any CPU.ActiveCfg = Release|Any CPU
		{D8F4A9E0-80EE-4196-B05A-EBEF428C33DF}.Release|Any CPU.Build.0 = Release|Any CPU
	EndGlobalSection
	GlobalSection(SolutionProperties) = preSolution
		HideSolutionNode = FALSE
	EndGlobalSection
	GlobalSection(ExtensibilityGlobals) = postSolution
		SolutionGuid = {3ECF9426-6E21-4792-A895-680AC1338D3C}
	EndGlobalSection
EndGlobal
